
Microsoft Visual Studio Solution File, Format Version 12.00
# Visual Studio Version 16
VisualStudioVersion = 16.0.30907.101
MinimumVisualStudioVersion = 10.0.40219.1
Project("{FAE04EC0-301F-11D3-BF4B-00C04F79EFBC}") = "MVCProjeKampi UI", "MVCProjeKampi UI\MVCProjeKampi UI.csproj", "{EE6C9E65-C556-4D07-A5EC-780FCFFA3671}"
EndProject
Project("{FAE04EC0-301F-11D3-BF4B-00C04F79EFBC}") = "EntityLayer", "EntityLayer\EntityLayer.csproj", "{226F9565-7D34-40E7-9FDE-6567F4B707E3}"
EndProject
Project("{FAE04EC0-301F-11D3-BF4B-00C04F79EFBC}") = "DataAccessLayer", "DataAccessLayer\DataAccessLayer.csproj", "{A2F52DA3-1461-47E4-B6CB-F59A810EDC05}"
EndProject
Project("{FAE04EC0-301F-11D3-BF4B-00C04F79EFBC}") = "BusinessLayer", "BusinessLayer\BusinessLayer.csproj", "{BDD08A27-82B1-4906-A37D-EA37AE0E4FF2}"
EndProject
Global
	GlobalSection(SolutionConfigurationPlatforms) = preSolution
		Debug|Any CPU = Debug|Any CPU
		Release|Any CPU = Release|Any CPU
	EndGlobalSection
	GlobalSection(ProjectConfigurationPlatforms) = postSolution
		{EE6C9E65-C556-4D07-A5EC-780FCFFA3671}.Debug|Any CPU.ActiveCfg = Debug|Any CPU
		{EE6C9E65-C556-4D07-A5EC-780FCFFA3671}.Debug|Any CPU.Build.0 = Debug|Any CPU
		{EE6C9E65-C556-4D07-A5EC-780FCFFA3671}.Release|Any CPU.ActiveCfg = Release|Any CPU
		{EE6C9E65-C556-4D07-A5EC-780FCFFA3671}.Release|Any CPU.Build.0 = Release|Any CPU
		{226F9565-7D34-40E7-9FDE-6567F4B707E3}.Debug|Any CPU.ActiveCfg = Debug|Any CPU
		{226F9565-7D34-40E7-9FDE-6567F4B707E3}.Debug|Any CPU.Build.0 = Debug|Any CPU
		{226F9565-7D34-40E7-9FDE-6567F4B707E3}.Release|Any CPU.ActiveCfg = Release|Any CPU
		{226F9565-7D34-40E7-9FDE-6567F4B707E3}.Release|Any CPU.Build.0 = Release|Any CPU
		{A2F52DA3-1461-47E4-B6CB-F59A810EDC05}.Debug|Any CPU.ActiveCfg = Debug|Any CPU
		{A2F52DA3-1461-47E4-B6CB-F59A810EDC05}.Debug|Any CPU.Build.0 = Debug|Any CPU
		{A2F52DA3-1461-47E4-B6CB-F59A810EDC05}.Release|Any CPU.ActiveCfg = Release|Any CPU
		{A2F52DA3-1461-47E4-B6CB-F59A810EDC05}.Release|Any CPU.Build.0 = Release|Any CPU
		{BDD08A27-82B1-4906-A37D-EA37AE0E4FF2}.Debug|Any CPU.ActiveCfg = Debug|Any CPU
		{BDD08A27-82B1-4906-A37D-EA37AE0E4FF2}.Debug|Any CPU.Build.0 = Debug|Any CPU
		{BDD08A27-82B1-4906-A37D-EA37AE0E4FF2}.Release|Any CPU.ActiveCfg = Release|Any CPU
		{BDD08A27-82B1-4906-A37D-EA37AE0E4FF2}.Release|Any CPU.Build.0 = Release|Any CPU
	EndGlobalSection
	GlobalSection(SolutionProperties) = preSolution
		HideSolutionNode = FALSE
	EndGlobalSection
	GlobalSection(ExtensibilityGlobals) = postSolution
		SolutionGuid = {B2526A1E-4A25-4A84-868B-83696465C7AB}
	EndGlobalSection
EndGlobal
